
Microsoft Visual Studio Solution File, Format Version 12.00
# Visual Studio 14
VisualStudioVersion = 14.0.25420.1
MinimumVisualStudioVersion = 10.0.40219.1
Project("{FAE04EC0-301F-11D3-BF4B-00C04F79EFBC}") = "Directory Tree", "Directory Tree\Directory Tree.csproj", "{E9F17C55-4F32-4C65-B95B-8961AC6C85CD}"
EndProject
Global
	GlobalSection(SolutionConfigurationPlatforms) = preSolution
		Debug|Any CPU = Debug|Any CPU
		Release|Any CPU = Release|Any CPU
	EndGlobalSection
	GlobalSection(ProjectConfigurationPlatforms) = postSolution
		{E9F17C55-4F32-4C65-B95B-8961AC6C85CD}.Debug|Any CPU.ActiveCfg = Debug|Any CPU
		{E9F17C55-4F32-4C65-B95B-8961AC6C85CD}.Debug|Any CPU.Build.0 = Debug|Any CPU
		{E9F17C55-4F32-4C65-B95B-8961AC6C85CD}.Release|Any CPU.ActiveCfg = Release|Any CPU
		{E9F17C55-4F32-4C65-B95B-8961AC6C85CD}.Release|Any CPU.Build.0 = Release|Any CPU
	EndGlobalSection
	GlobalSection(SolutionProperties) = preSolution
		HideSolutionNode = FALSE
	EndGlobalSection
EndGlobal
