
Microsoft Visual Studio Solution File, Format Version 12.00
# Visual Studio 14
VisualStudioVersion = 14.0.25420.1
MinimumVisualStudioVersion = 10.0.40219.1
Project("{FAE04EC0-301F-11D3-BF4B-00C04F79EFBC}") = "MVP_StopWatch", "MVP_StopWatch\MVP_StopWatch.csproj", "{B9CC32FF-AF38-4E1C-A58D-AAA7FCEB36B9}"
EndProject
Project("{FAE04EC0-301F-11D3-BF4B-00C04F79EFBC}") = "ConsoleKeyEvent", "ConsoleKeyEvent\ConsoleKeyEvent.csproj", "{BBCBDA27-D645-4E9D-BA95-5F3D4E1FE1B7}"
EndProject
Global
	GlobalSection(SolutionConfigurationPlatforms) = preSolution
		Debug|Any CPU = Debug|Any CPU
		Release|Any CPU = Release|Any CPU
	EndGlobalSection
	GlobalSection(ProjectConfigurationPlatforms) = postSolution
		{B9CC32FF-AF38-4E1C-A58D-AAA7FCEB36B9}.Debug|Any CPU.ActiveCfg = Debug|x86
		{B9CC32FF-AF38-4E1C-A58D-AAA7FCEB36B9}.Release|Any CPU.ActiveCfg = Release|x86
		{BBCBDA27-D645-4E9D-BA95-5F3D4E1FE1B7}.Debug|Any CPU.ActiveCfg = Debug|Any CPU
		{BBCBDA27-D645-4E9D-BA95-5F3D4E1FE1B7}.Debug|Any CPU.Build.0 = Debug|Any CPU
		{BBCBDA27-D645-4E9D-BA95-5F3D4E1FE1B7}.Release|Any CPU.ActiveCfg = Release|Any CPU
		{BBCBDA27-D645-4E9D-BA95-5F3D4E1FE1B7}.Release|Any CPU.Build.0 = Release|Any CPU
	EndGlobalSection
	GlobalSection(SolutionProperties) = preSolution
		HideSolutionNode = FALSE
	EndGlobalSection
EndGlobal
